
Microsoft Visual Studio Solution File, Format Version 12.00
# Visual Studio 2013
VisualStudioVersion = 12.0.21005.1
MinimumVisualStudioVersion = 10.0.40219.1
Project("{FAE04EC0-301F-11D3-BF4B-00C04F79EFBC}") = "AbstractFactoryPattern", "AbstractFactoryPattern.csproj", "{9F5663BD-FB0B-458F-84AA-FC26A7631D3C}"
EndProject
Project("{F088123C-0E9E-452A-89E6-6BA2F21D5CAC}") = "ModelingProject1", "..\ModelingProject1\ModelingProject1.modelproj", "{B8F76876-7326-448F-ABD8-7231B5CAA211}"
EndProject
Global
	GlobalSection(SolutionConfigurationPlatforms) = preSolution
		Debug|Any CPU = Debug|Any CPU
		Release|Any CPU = Release|Any CPU
	EndGlobalSection
	GlobalSection(ProjectConfigurationPlatforms) = postSolution
		{9F5663BD-FB0B-458F-84AA-FC26A7631D3C}.Debug|Any CPU.ActiveCfg = Debug|Any CPU
		{9F5663BD-FB0B-458F-84AA-FC26A7631D3C}.Debug|Any CPU.Build.0 = Debug|Any CPU
		{9F5663BD-FB0B-458F-84AA-FC26A7631D3C}.Release|Any CPU.ActiveCfg = Release|Any CPU
		{9F5663BD-FB0B-458F-84AA-FC26A7631D3C}.Release|Any CPU.Build.0 = Release|Any CPU
		{B8F76876-7326-448F-ABD8-7231B5CAA211}.Debug|Any CPU.ActiveCfg = Debug|Any CPU
		{B8F76876-7326-448F-ABD8-7231B5CAA211}.Debug|Any CPU.Build.0 = Debug|Any CPU
		{B8F76876-7326-448F-ABD8-7231B5CAA211}.Release|Any CPU.ActiveCfg = Release|Any CPU
		{B8F76876-7326-448F-ABD8-7231B5CAA211}.Release|Any CPU.Build.0 = Release|Any CPU
	EndGlobalSection
	GlobalSection(SolutionProperties) = preSolution
		HideSolutionNode = FALSE
	EndGlobalSection
EndGlobal
